Microsoft Visual Studio Solution File, Format Version 12.00
# Visual Studio 15
VisualStudioVersion = 15.0.26124.0
MinimumVisualStudioVersion = 15.0.26124.0
Project("{9A19103F-16F7-4668-BE54-9A1E7A4F7556}") = "microservice_template", "microservice_template\microservice_template.csproj", "{CDEFD566-B4C0-41E4-A5FC-FB2A67CCF3AD}"
EndProject
Global
    GlobalSection(SolutionConfigurationPlatforms) = preSolution
        Debug|Any CPU = Debug|Any CPU
        Release|Any CPU = Release|Any CPU
    EndGlobalSection
    GlobalSection(ProjectConfigurationPlatforms) = postSolution
        {CDEFD566-B4C0-41E4-A5FC-FB2A67CCF3AD}.Debug|Any CPU.ActiveCfg = Debug|Any CPU
        {CDEFD566-B4C0-41E4-A5FC-FB2A67CCF3AD}.Debug|Any CPU.Build.0 = Debug|Any CPU
        {CDEFD566-B4C0-41E4-A5FC-FB2A67CCF3AD}.Release|Any CPU.ActiveCfg = Release|Any CPU
        {CDEFD566-B4C0-41E4-A5FC-FB2A67CCF3AD}.Release|Any CPU.Build.0 = Release|Any CPU
    EndGlobalSection
    GlobalSection(SolutionProperties) = preSolution
        HideSolutionNode = FALSE
    EndGlobalSection
    GlobalSection(ExtensibilityGlobals) = postSolution
        SolutionGuid = {E965F23E-5EFD-484A-A28A-6A8CE07D1BB9}
    EndGlobalSection
EndGlobal
