
Microsoft Visual Studio Solution File, Format Version 12.00
# Visual Studio 15
Project("{FAE04EC0-301F-11D3-BF4B-00C04F79EFBC}") = "microservice_template", "microservice_template\microservice_template.csproj", "{CDEFD566-B4C0-41E4-A5FC-FB2A67CCF3AD}"
EndProject
Global
    GlobalSection(SolutionConfigurationPlatforms) = preSolution
        Debug|Any CPU = Debug|Any CPU
        Release|Any CPU = Release|Any CPU
    EndGlobalSection
    GlobalSection(ProjectConfigurationPlatforms) = postSolution
        {CDEFD566-B4C0-41E4-A5FC-FB2A67CCF3AD}.Debug|Any CPU.ActiveCfg = Debug|Any CPU
        {CDEFD566-B4C0-41E4-A5FC-FB2A67CCF3AD}.Debug|Any CPU.Build.0 = Debug|Any CPU
        {CDEFD566-B4C0-41E4-A5FC-FB2A67CCF3AD}.Release|Any CPU.ActiveCfg = Release|Any CPU
        {CDEFD566-B4C0-41E4-A5FC-FB2A67CCF3AD}.Release|Any CPU.Build.0 = Release|Any CPU
    EndGlobalSection
EndGlobal
